
Microsoft Visual Studio Solution File, Format Version 12.00
# Visual Studio Version 17
VisualStudioVersion = 17.0.31903.59
MinimumVisualStudioVersion = 10.0.40219.1
Project("{2150E333-8FDC-42A3-9474-1A3956D46DE8}") = "src", "src", "{827E0CD3-B72D-47B6-A68D-7590B98EB39B}"
EndProject
Project("{FAE04EC0-301F-11D3-BF4B-00C04F79EFBC}") = "Finalpass.App", "src\Finalpass.App\Finalpass.App.csproj", "{20BBF866-7E6F-4780-AD8E-1A206FFA02F7}"
EndProject
Project("{FAE04EC0-301F-11D3-BF4B-00C04F79EFBC}") = "Finalpass.Core", "src\Finalpass.Core\Finalpass.Core.csproj", "{C0A70E0C-A422-4237-8631-48371E673359}"
EndProject
Project("{FAE04EC0-301F-11D3-BF4B-00C04F79EFBC}") = "Finalpass.Cryptography", "src\Finalpass.Cryptography\Finalpass.Cryptography.csproj", "{F4430E31-BCEA-476F-BF3F-B3ECC49F4575}"
EndProject
Project("{FAE04EC0-301F-11D3-BF4B-00C04F79EFBC}") = "Finalpass.Infrastructure", "src\Finalpass.Infrastructure\Finalpass.Infrastructure.csproj", "{BF2687B4-6B8E-47CC-9400-0690C6AB17D7}"
EndProject
Project("{2150E333-8FDC-42A3-9474-1A3956D46DE8}") = "tests", "tests", "{0AB3BF05-4346-4AA6-1389-037BE0695223}"
EndProject
Project("{FAE04EC0-301F-11D3-BF4B-00C04F79EFBC}") = "Finalpass.Core.Tests", "tests\Finalpass.Core.Tests\Finalpass.Core.Tests.csproj", "{39527C56-82F9-40D0-BF47-A9E228C21674}"
EndProject
Project("{FAE04EC0-301F-11D3-BF4B-00C04F79EFBC}") = "Finalpass.Cryptography.Tests", "tests\Finalpass.Cryptography.Tests\Finalpass.Cryptography.Tests.csproj", "{68640A24-07BC-4E61-A942-DA9F20309681}"
EndProject
Project("{FAE04EC0-301F-11D3-BF4B-00C04F79EFBC}") = "Finalpass.Infrastructure.Tests", "tests\Finalpass.Infrastructure.Tests\Finalpass.Infrastructure.Tests.csproj", "{625D72D6-AA86-4E2B-860A-E6032CA8D52F}"
EndProject
Global
	GlobalSection(SolutionConfigurationPlatforms) = preSolution
		Debug|Any CPU = Debug|Any CPU
		Debug|x64 = Debug|x64
		Debug|x86 = Debug|x86
		Release|Any CPU = Release|Any CPU
		Release|x64 = Release|x64
		Release|x86 = Release|x86
	EndGlobalSection
	GlobalSection(ProjectConfigurationPlatforms) = postSolution
		{20BBF866-7E6F-4780-AD8E-1A206FFA02F7}.Debug|Any CPU.ActiveCfg = Debug|x64
		{20BBF866-7E6F-4780-AD8E-1A206FFA02F7}.Debug|Any CPU.Build.0 = Debug|x64
		{20BBF866-7E6F-4780-AD8E-1A206FFA02F7}.Debug|x64.ActiveCfg = Debug|x64
		{20BBF866-7E6F-4780-AD8E-1A206FFA02F7}.Debug|x64.Build.0 = Debug|x64
		{20BBF866-7E6F-4780-AD8E-1A206FFA02F7}.Debug|x86.ActiveCfg = Debug|x64
		{20BBF866-7E6F-4780-AD8E-1A206FFA02F7}.Debug|x86.Build.0 = Debug|x64
		{20BBF866-7E6F-4780-AD8E-1A206FFA02F7}.Release|Any CPU.ActiveCfg = Release|x64
		{20BBF866-7E6F-4780-AD8E-1A206FFA02F7}.Release|Any CPU.Build.0 = Release|x64
		{20BBF866-7E6F-4780-AD8E-1A206FFA02F7}.Release|x64.ActiveCfg = Release|x64
		{20BBF866-7E6F-4780-AD8E-1A206FFA02F7}.Release|x64.Build.0 = Release|x64
		{20BBF866-7E6F-4780-AD8E-1A206FFA02F7}.Release|x86.ActiveCfg = Release|x64
		{20BBF866-7E6F-4780-AD8E-1A206FFA02F7}.Release|x86.Build.0 = Release|x64
		{C0A70E0C-A422-4237-8631-48371E673359}.Debug|Any CPU.ActiveCfg = Debug|Any CPU
		{C0A70E0C-A422-4237-8631-48371E673359}.Debug|Any CPU.Build.0 = Debug|Any CPU
		{C0A70E0C-A422-4237-8631-48371E673359}.Debug|x64.ActiveCfg = Debug|Any CPU
		{C0A70E0C-A422-4237-8631-48371E673359}.Debug|x64.Build.0 = Debug|Any CPU
		{C0A70E0C-A422-4237-8631-48371E673359}.Debug|x86.ActiveCfg = Debug|Any CPU
		{C0A70E0C-A422-4237-8631-48371E673359}.Debug|x86.Build.0 = Debug|Any CPU
		{C0A70E0C-A422-4237-8631-48371E673359}.Release|Any CPU.ActiveCfg = Release|Any CPU
		{C0A70E0C-A422-4237-8631-48371E673359}.Release|Any CPU.Build.0 = Release|Any CPU
		{C0A70E0C-A422-4237-8631-48371E673359}.Release|x64.ActiveCfg = Release|Any CPU
		{C0A70E0C-A422-4237-8631-48371E673359}.Release|x64.Build.0 = Release|Any CPU
		{C0A70E0C-A422-4237-8631-48371E673359}.Release|x86.ActiveCfg = Release|Any CPU
		{C0A70E0C-A422-4237-8631-48371E673359}.Release|x86.Build.0 = Release|Any CPU
		{F4430E31-BCEA-476F-BF3F-B3ECC49F4575}.Debug|Any CPU.ActiveCfg = Debug|Any CPU
		{F4430E31-BCEA-476F-BF3F-B3ECC49F4575}.Debug|Any CPU.Build.0 = Debug|Any CPU
		{F4430E31-BCEA-476F-BF3F-B3ECC49F4575}.Debug|x64.ActiveCfg = Debug|Any CPU
		{F4430E31-BCEA-476F-BF3F-B3ECC49F4575}.Debug|x64.Build.0 = Debug|Any CPU
		{F4430E31-BCEA-476F-BF3F-B3ECC49F4575}.Debug|x86.ActiveCfg = Debug|Any CPU
		{F4430E31-BCEA-476F-BF3F-B3ECC49F4575}.Debug|x86.Build.0 = Debug|Any CPU
		{F4430E31-BCEA-476F-BF3F-B3ECC49F4575}.Release|Any CPU.ActiveCfg = Release|Any CPU
		{F4430E31-BCEA-476F-BF3F-B3ECC49F4575}.Release|Any CPU.Build.0 = Release|Any CPU
		{F4430E31-BCEA-476F-BF3F-B3ECC49F4575}.Release|x64.ActiveCfg = Release|Any CPU
		{F4430E31-BCEA-476F-BF3F-B3ECC49F4575}.Release|x64.Build.0 = Release|Any CPU
		{F4430E31-BCEA-476F-BF3F-B3ECC49F4575}.Release|x86.ActiveCfg = Release|Any CPU
		{F4430E31-BCEA-476F-BF3F-B3ECC49F4575}.Release|x86.Build.0 = Release|Any CPU
		{BF2687B4-6B8E-47CC-9400-0690C6AB17D7}.Debug|Any CPU.ActiveCfg = Debug|Any CPU
		{BF2687B4-6B8E-47CC-9400-0690C6AB17D7}.Debug|Any CPU.Build.0 = Debug|Any CPU
		{BF2687B4-6B8E-47CC-9400-0690C6AB17D7}.Debug|x64.ActiveCfg = Debug|Any CPU
		{BF2687B4-6B8E-47CC-9400-0690C6AB17D7}.Debug|x64.Build.0 = Debug|Any CPU
		{BF2687B4-6B8E-47CC-9400-0690C6AB17D7}.Debug|x86.ActiveCfg = Debug|Any CPU
		{BF2687B4-6B8E-47CC-9400-0690C6AB17D7}.Debug|x86.Build.0 = Debug|Any CPU
		{BF2687B4-6B8E-47CC-9400-0690C6AB17D7}.Release|Any CPU.ActiveCfg = Release|Any CPU
		{BF2687B4-6B8E-47CC-9400-0690C6AB17D7}.Release|Any CPU.Build.0 = Release|Any CPU
		{BF2687B4-6B8E-47CC-9400-0690C6AB17D7}.Release|x64.ActiveCfg = Release|Any CPU
		{BF2687B4-6B8E-47CC-9400-0690C6AB17D7}.Release|x64.Build.0 = Release|Any CPU
		{BF2687B4-6B8E-47CC-9400-0690C6AB17D7}.Release|x86.ActiveCfg = Release|Any CPU
		{BF2687B4-6B8E-47CC-9400-0690C6AB17D7}.Release|x86.Build.0 = Release|Any CPU
		{39527C56-82F9-40D0-BF47-A9E228C21674}.Debug|Any CPU.ActiveCfg = Debug|Any CPU
		{39527C56-82F9-40D0-BF47-A9E228C21674}.Debug|Any CPU.Build.0 = Debug|Any CPU
		{39527C56-82F9-40D0-BF47-A9E228C21674}.Debug|x64.ActiveCfg = Debug|Any CPU
		{39527C56-82F9-40D0-BF47-A9E228C21674}.Debug|x64.Build.0 = Debug|Any CPU
		{39527C56-82F9-40D0-BF47-A9E228C21674}.Debug|x86.ActiveCfg = Debug|Any CPU
		{39527C56-82F9-40D0-BF47-A9E228C21674}.Debug|x86.Build.0 = Debug|Any CPU
		{39527C56-82F9-40D0-BF47-A9E228C21674}.Release|Any CPU.ActiveCfg = Release|Any CPU
		{39527C56-82F9-40D0-BF47-A9E228C21674}.Release|Any CPU.Build.0 = Release|Any CPU
		{39527C56-82F9-40D0-BF47-A9E228C21674}.Release|x64.ActiveCfg = Release|Any CPU
		{39527C56-82F9-40D0-BF47-A9E228C21674}.Release|x64.Build.0 = Release|Any CPU
		{39527C56-82F9-40D0-BF47-A9E228C21674}.Release|x86.ActiveCfg = Release|Any CPU
		{39527C56-82F9-40D0-BF47-A9E228C21674}.Release|x86.Build.0 = Release|Any CPU
		{68640A24-07BC-4E61-A942-DA9F20309681}.Debug|Any CPU.ActiveCfg = Debug|Any CPU
		{68640A24-07BC-4E61-A942-DA9F20309681}.Debug|Any CPU.Build.0 = Debug|Any CPU
		{68640A24-07BC-4E61-A942-DA9F20309681}.Debug|x64.ActiveCfg = Debug|Any CPU
		{68640A24-07BC-4E61-A942-DA9F20309681}.Debug|x64.Build.0 = Debug|Any CPU
		{68640A24-07BC-4E61-A942-DA9F20309681}.Debug|x86.ActiveCfg = Debug|Any CPU
		{68640A24-07BC-4E61-A942-DA9F20309681}.Debug|x86.Build.0 = Debug|Any CPU
		{68640A24-07BC-4E61-A942-DA9F20309681}.Release|Any CPU.ActiveCfg = Release|Any CPU
		{68640A24-07BC-4E61-A942-DA9F20309681}.Release|Any CPU.Build.0 = Release|Any CPU
		{68640A24-07BC-4E61-A942-DA9F20309681}.Release|x64.ActiveCfg = Release|Any CPU
		{68640A24-07BC-4E61-A942-DA9F20309681}.Release|x64.Build.0 = Release|Any CPU
		{68640A24-07BC-4E61-A942-DA9F20309681}.Release|x86.ActiveCfg = Release|Any CPU
		{68640A24-07BC-4E61-A942-DA9F20309681}.Release|x86.Build.0 = Release|Any CPU
		{625D72D6-AA86-4E2B-860A-E6032CA8D52F}.Debug|Any CPU.ActiveCfg = Debug|Any CPU
		{625D72D6-AA86-4E2B-860A-E6032CA8D52F}.Debug|Any CPU.Build.0 = Debug|Any CPU
		{625D72D6-AA86-4E2B-860A-E6032CA8D52F}.Debug|x64.ActiveCfg = Debug|Any CPU
		{625D72D6-AA86-4E2B-860A-E6032CA8D52F}.Debug|x64.Build.0 = Debug|Any CPU
		{625D72D6-AA86-4E2B-860A-E6032CA8D52F}.Debug|x86.ActiveCfg = Debug|Any CPU
		{625D72D6-AA86-4E2B-860A-E6032CA8D52F}.Debug|x86.Build.0 = Debug|Any CPU
		{625D72D6-AA86-4E2B-860A-E6032CA8D52F}.Release|Any CPU.ActiveCfg = Release|Any CPU
		{625D72D6-AA86-4E2B-860A-E6032CA8D52F}.Release|Any CPU.Build.0 = Release|Any CPU
		{625D72D6-AA86-4E2B-860A-E6032CA8D52F}.Release|x64.ActiveCfg = Release|Any CPU
		{625D72D6-AA86-4E2B-860A-E6032CA8D52F}.Release|x64.Build.0 = Release|Any CPU
		{625D72D6-AA86-4E2B-860A-E6032CA8D52F}.Release|x86.ActiveCfg = Release|Any CPU
		{625D72D6-AA86-4E2B-860A-E6032CA8D52F}.Release|x86.Build.0 = Release|Any CPU
	EndGlobalSection
	GlobalSection(SolutionProperties) = preSolution
		HideSolutionNode = FALSE
	EndGlobalSection
	GlobalSection(NestedProjects) = preSolution
		{20BBF866-7E6F-4780-AD8E-1A206FFA02F7} = {827E0CD3-B72D-47B6-A68D-7590B98EB39B}
		{C0A70E0C-A422-4237-8631-48371E673359} = {827E0CD3-B72D-47B6-A68D-7590B98EB39B}
		{F4430E31-BCEA-476F-BF3F-B3ECC49F4575} = {827E0CD3-B72D-47B6-A68D-7590B98EB39B}
		{BF2687B4-6B8E-47CC-9400-0690C6AB17D7} = {827E0CD3-B72D-47B6-A68D-7590B98EB39B}
		{39527C56-82F9-40D0-BF47-A9E228C21674} = {0AB3BF05-4346-4AA6-1389-037BE0695223}
		{68640A24-07BC-4E61-A942-DA9F20309681} = {0AB3BF05-4346-4AA6-1389-037BE0695223}
		{625D72D6-AA86-4E2B-860A-E6032CA8D52F} = {0AB3BF05-4346-4AA6-1389-037BE0695223}
	EndGlobalSection
EndGlobal
